
Microsoft Visual Studio Solution File, Format Version 12.00
# Visual Studio 14
VisualStudioVersion = 14.0.25420.1
MinimumVisualStudioVersion = 10.0.40219.1
Project("{FAE04EC0-301F-11D3-BF4B-00C04F79EFBC}") = "FoodEquals", "FoodEquals\FoodEquals.csproj", "{2F6D45DE-B490-4FC2-A6FE-1F4B2FC6D68D}"
EndProject
Project("{FAE04EC0-301F-11D3-BF4B-00C04F79EFBC}") = "EqualityInt", "EqualityInt\EqualityInt.csproj", "{996A8EF8-2477-4506-9956-045216B01829}"
EndProject
Project("{FAE04EC0-301F-11D3-BF4B-00C04F79EFBC}") = "Equality", "Equality\Equality.csproj", "{C2BB7C00-B3A7-46C1-9598-27E531D881E2}"
EndProject
Global
	GlobalSection(SolutionConfigurationPlatforms) = preSolution
		Debug|Any CPU = Debug|Any CPU
		Release|Any CPU = Release|Any CPU
	EndGlobalSection
	GlobalSection(ProjectConfigurationPlatforms) = postSolution
		{2F6D45DE-B490-4FC2-A6FE-1F4B2FC6D68D}.Debug|Any CPU.ActiveCfg = Debug|Any CPU
		{2F6D45DE-B490-4FC2-A6FE-1F4B2FC6D68D}.Debug|Any CPU.Build.0 = Debug|Any CPU
		{2F6D45DE-B490-4FC2-A6FE-1F4B2FC6D68D}.Release|Any CPU.ActiveCfg = Release|Any CPU
		{2F6D45DE-B490-4FC2-A6FE-1F4B2FC6D68D}.Release|Any CPU.Build.0 = Release|Any CPU
		{996A8EF8-2477-4506-9956-045216B01829}.Debug|Any CPU.ActiveCfg = Debug|Any CPU
		{996A8EF8-2477-4506-9956-045216B01829}.Debug|Any CPU.Build.0 = Debug|Any CPU
		{996A8EF8-2477-4506-9956-045216B01829}.Release|Any CPU.ActiveCfg = Release|Any CPU
		{996A8EF8-2477-4506-9956-045216B01829}.Release|Any CPU.Build.0 = Release|Any CPU
		{C2BB7C00-B3A7-46C1-9598-27E531D881E2}.Debug|Any CPU.ActiveCfg = Debug|Any CPU
		{C2BB7C00-B3A7-46C1-9598-27E531D881E2}.Debug|Any CPU.Build.0 = Debug|Any CPU
		{C2BB7C00-B3A7-46C1-9598-27E531D881E2}.Release|Any CPU.ActiveCfg = Release|Any CPU
		{C2BB7C00-B3A7-46C1-9598-27E531D881E2}.Release|Any CPU.Build.0 = Release|Any CPU
	EndGlobalSection
	GlobalSection(SolutionProperties) = preSolution
		HideSolutionNode = FALSE
	EndGlobalSection
EndGlobal
